
Microsoft Visual Studio Solution File, Format Version 12.00
# Visual Studio Version 16
VisualStudioVersion = 16.0.29613.14
MinimumVisualStudioVersion = 10.0.40219.1
Project("{FAE04EC0-301F-11D3-BF4B-00C04F79EFBC}") = "DiscUI", "DiscUI\DiscUI.csproj", "{34065A65-6F0A-43D1-828E-5CB9E7A5133F}"
EndProject
Project("{FAE04EC0-301F-11D3-BF4B-00C04F79EFBC}") = "Disc", "Disc\Disc.csproj", "{C3A6D82C-386A-4419-9DF0-9CEF2D6B2DFA}"
EndProject
Global
	GlobalSection(SolutionConfigurationPlatforms) = preSolution
		Debug|Any CPU = Debug|Any CPU
		Release|Any CPU = Release|Any CPU
	EndGlobalSection
	GlobalSection(ProjectConfigurationPlatforms) = postSolution
		{34065A65-6F0A-43D1-828E-5CB9E7A5133F}.Debug|Any CPU.ActiveCfg = Debug|Any CPU
		{34065A65-6F0A-43D1-828E-5CB9E7A5133F}.Debug|Any CPU.Build.0 = Debug|Any CPU
		{34065A65-6F0A-43D1-828E-5CB9E7A5133F}.Release|Any CPU.ActiveCfg = Release|Any CPU
		{34065A65-6F0A-43D1-828E-5CB9E7A5133F}.Release|Any CPU.Build.0 = Release|Any CPU
		{C3A6D82C-386A-4419-9DF0-9CEF2D6B2DFA}.Debug|Any CPU.ActiveCfg = Debug|Any CPU
		{C3A6D82C-386A-4419-9DF0-9CEF2D6B2DFA}.Debug|Any CPU.Build.0 = Debug|Any CPU
		{C3A6D82C-386A-4419-9DF0-9CEF2D6B2DFA}.Release|Any CPU.ActiveCfg = Release|Any CPU
		{C3A6D82C-386A-4419-9DF0-9CEF2D6B2DFA}.Release|Any CPU.Build.0 = Release|Any CPU
	EndGlobalSection
	GlobalSection(SolutionProperties) = preSolution
		HideSolutionNode = FALSE
	EndGlobalSection
	GlobalSection(ExtensibilityGlobals) = postSolution
		SolutionGuid = {7F5FA836-96F2-4493-B84E-2114CCA69158}
	EndGlobalSection
EndGlobal
