
Microsoft Visual Studio Solution File, Format Version 12.00
# Visual Studio Version 16
VisualStudioVersion = 16.0.29613.14
MinimumVisualStudioVersion = 10.0.40219.1
Project("{FAE04EC0-301F-11D3-BF4B-00C04F79EFBC}") = "Disc", "Disc\Disc.csproj", "{4D58F45A-C876-4E9B-B09B-0BEAC091D4DF}"
EndProject
Global
	GlobalSection(SolutionConfigurationPlatforms) = preSolution
		Debug|Any CPU = Debug|Any CPU
		Release|Any CPU = Release|Any CPU
	EndGlobalSection
	GlobalSection(ProjectConfigurationPlatforms) = postSolution
		{4D58F45A-C876-4E9B-B09B-0BEAC091D4DF}.Debug|Any CPU.ActiveCfg = Debug|Any CPU
		{4D58F45A-C876-4E9B-B09B-0BEAC091D4DF}.Debug|Any CPU.Build.0 = Debug|Any CPU
		{4D58F45A-C876-4E9B-B09B-0BEAC091D4DF}.Release|Any CPU.ActiveCfg = Release|Any CPU
		{4D58F45A-C876-4E9B-B09B-0BEAC091D4DF}.Release|Any CPU.Build.0 = Release|Any CPU
	EndGlobalSection
	GlobalSection(SolutionProperties) = preSolution
		HideSolutionNode = FALSE
	EndGlobalSection
	GlobalSection(ExtensibilityGlobals) = postSolution
		SolutionGuid = {7F5FA836-96F2-4493-B84E-2114CCA69158}
	EndGlobalSection
EndGlobal
