
Microsoft Visual Studio Solution File, Format Version 12.00
# Visual Studio Version 16
VisualStudioVersion = 16.0.29613.14
MinimumVisualStudioVersion = 10.0.40219.1
Project("{FAE04EC0-301F-11D3-BF4B-00C04F79EFBC}") = "Disc_Kompas.GUI", "Disc\Disc_Kompas.GUI.csproj", "{4D58F45A-C876-4E9B-B09B-0BEAC091D4DF}"
EndProject
Project("{FAE04EC0-301F-11D3-BF4B-00C04F79EFBC}") = "Disc_Kompas.UnitTests", "Disc.UnitTests\Disc_Kompas.UnitTests.csproj", "{B45B9285-0577-4CB8-A15B-4608F208488C}"
EndProject
Project("{FAE04EC0-301F-11D3-BF4B-00C04F79EFBC}") = "Disc_Kompas.API", "Disc_Kompas.API\Disc_Kompas.API.csproj", "{FA850232-B47F-41E6-909C-D574CDB801C0}"
EndProject
Project("{FAE04EC0-301F-11D3-BF4B-00C04F79EFBC}") = "Disc_Kompas.Logic", "Disc_Kompas.Logic\Disc_Kompas.Logic.csproj", "{069CDB54-274C-4A7B-A5EB-22C0DF4662CD}"
EndProject
Global
	GlobalSection(SolutionConfigurationPlatforms) = preSolution
		Debug|Any CPU = Debug|Any CPU
		Release|Any CPU = Release|Any CPU
	EndGlobalSection
	GlobalSection(ProjectConfigurationPlatforms) = postSolution
		{4D58F45A-C876-4E9B-B09B-0BEAC091D4DF}.Debug|Any CPU.ActiveCfg = Debug|Any CPU
		{4D58F45A-C876-4E9B-B09B-0BEAC091D4DF}.Debug|Any CPU.Build.0 = Debug|Any CPU
		{4D58F45A-C876-4E9B-B09B-0BEAC091D4DF}.Release|Any CPU.ActiveCfg = Release|Any CPU
		{4D58F45A-C876-4E9B-B09B-0BEAC091D4DF}.Release|Any CPU.Build.0 = Release|Any CPU
		{B45B9285-0577-4CB8-A15B-4608F208488C}.Debug|Any CPU.ActiveCfg = Debug|Any CPU
		{B45B9285-0577-4CB8-A15B-4608F208488C}.Debug|Any CPU.Build.0 = Debug|Any CPU
		{B45B9285-0577-4CB8-A15B-4608F208488C}.Release|Any CPU.ActiveCfg = Release|Any CPU
		{B45B9285-0577-4CB8-A15B-4608F208488C}.Release|Any CPU.Build.0 = Release|Any CPU
		{FA850232-B47F-41E6-909C-D574CDB801C0}.Debug|Any CPU.ActiveCfg = Debug|Any CPU
		{FA850232-B47F-41E6-909C-D574CDB801C0}.Debug|Any CPU.Build.0 = Debug|Any CPU
		{FA850232-B47F-41E6-909C-D574CDB801C0}.Release|Any CPU.ActiveCfg = Release|Any CPU
		{FA850232-B47F-41E6-909C-D574CDB801C0}.Release|Any CPU.Build.0 = Release|Any CPU
		{069CDB54-274C-4A7B-A5EB-22C0DF4662CD}.Debug|Any CPU.ActiveCfg = Debug|Any CPU
		{069CDB54-274C-4A7B-A5EB-22C0DF4662CD}.Debug|Any CPU.Build.0 = Debug|Any CPU
		{069CDB54-274C-4A7B-A5EB-22C0DF4662CD}.Release|Any CPU.ActiveCfg = Release|Any CPU
		{069CDB54-274C-4A7B-A5EB-22C0DF4662CD}.Release|Any CPU.Build.0 = Release|Any CPU
	EndGlobalSection
	GlobalSection(SolutionProperties) = preSolution
		HideSolutionNode = FALSE
	EndGlobalSection
	GlobalSection(ExtensibilityGlobals) = postSolution
		SolutionGuid = {7F5FA836-96F2-4493-B84E-2114CCA69158}
	EndGlobalSection
EndGlobal
