
Microsoft Visual Studio Solution File, Format Version 12.00
# Visual Studio Version 16
VisualStudioVersion = 16.0.29613.14
MinimumVisualStudioVersion = 10.0.40219.1
Project("{FAE04EC0-301F-11D3-BF4B-00C04F79EFBC}") = "Disc_Kompas.API", "Disc_Kompas.API\Disc_Kompas.API.csproj", "{FA850232-B47F-41E6-909C-D574CDB801C0}"
EndProject
Project("{FAE04EC0-301F-11D3-BF4B-00C04F79EFBC}") = "Disc_Kompas.Logic", "Disc_Kompas.Logic\Disc_Kompas.Logic.csproj", "{069CDB54-274C-4A7B-A5EB-22C0DF4662CD}"
EndProject
Project("{FAE04EC0-301F-11D3-BF4B-00C04F79EFBC}") = "Disc_Kompas.UnitTests", "Disc_Kompas.UnitTests\Disc_Kompas.UnitTests.csproj", "{F631C2E3-61FC-4C56-A274-BE6B2B1885FF}"
EndProject
Project("{FAE04EC0-301F-11D3-BF4B-00C04F79EFBC}") = "Disc_Kompas.GUI", "Disc_Kompas.GUI\Disc_Kompas.GUI.csproj", "{8BCD8AA3-4DB5-4623-B3A1-60BCFD4E3CF0}"
EndProject
Global
	GlobalSection(SolutionConfigurationPlatforms) = preSolution
		Debug|Any CPU = Debug|Any CPU
		Release|Any CPU = Release|Any CPU
	EndGlobalSection
	GlobalSection(ProjectConfigurationPlatforms) = postSolution
		{FA850232-B47F-41E6-909C-D574CDB801C0}.Debug|Any CPU.ActiveCfg = Debug|Any CPU
		{FA850232-B47F-41E6-909C-D574CDB801C0}.Debug|Any CPU.Build.0 = Debug|Any CPU
		{FA850232-B47F-41E6-909C-D574CDB801C0}.Release|Any CPU.ActiveCfg = Release|Any CPU
		{FA850232-B47F-41E6-909C-D574CDB801C0}.Release|Any CPU.Build.0 = Release|Any CPU
		{069CDB54-274C-4A7B-A5EB-22C0DF4662CD}.Debug|Any CPU.ActiveCfg = Debug|Any CPU
		{069CDB54-274C-4A7B-A5EB-22C0DF4662CD}.Debug|Any CPU.Build.0 = Debug|Any CPU
		{069CDB54-274C-4A7B-A5EB-22C0DF4662CD}.Release|Any CPU.ActiveCfg = Release|Any CPU
		{069CDB54-274C-4A7B-A5EB-22C0DF4662CD}.Release|Any CPU.Build.0 = Release|Any CPU
		{F631C2E3-61FC-4C56-A274-BE6B2B1885FF}.Debug|Any CPU.ActiveCfg = Debug|Any CPU
		{F631C2E3-61FC-4C56-A274-BE6B2B1885FF}.Debug|Any CPU.Build.0 = Debug|Any CPU
		{F631C2E3-61FC-4C56-A274-BE6B2B1885FF}.Release|Any CPU.ActiveCfg = Release|Any CPU
		{F631C2E3-61FC-4C56-A274-BE6B2B1885FF}.Release|Any CPU.Build.0 = Release|Any CPU
		{8BCD8AA3-4DB5-4623-B3A1-60BCFD4E3CF0}.Debug|Any CPU.ActiveCfg = Debug|Any CPU
		{8BCD8AA3-4DB5-4623-B3A1-60BCFD4E3CF0}.Debug|Any CPU.Build.0 = Debug|Any CPU
		{8BCD8AA3-4DB5-4623-B3A1-60BCFD4E3CF0}.Release|Any CPU.ActiveCfg = Release|Any CPU
		{8BCD8AA3-4DB5-4623-B3A1-60BCFD4E3CF0}.Release|Any CPU.Build.0 = Release|Any CPU
	EndGlobalSection
	GlobalSection(SolutionProperties) = preSolution
		HideSolutionNode = FALSE
	EndGlobalSection
	GlobalSection(ExtensibilityGlobals) = postSolution
		SolutionGuid = {7F5FA836-96F2-4493-B84E-2114CCA69158}
	EndGlobalSection
EndGlobal
